
Microsoft Visual Studio Solution File, Format Version 12.00
# Visual Studio Version 17
VisualStudioVersion = 17.5.33516.290
MinimumVisualStudioVersion = 10.0.40219.1
Project("{FAE04EC0-301F-11D3-BF4B-00C04F79EFBC}") = "Gestao", "Gestao\Gestao.csproj", "{9EE6D010-83DF-42A0-8E92-16C1DD321C1A}"
EndProject
Global
	GlobalSection(SolutionConfigurationPlatforms) = preSolution
		Debug|Any CPU = Debug|Any CPU
		Release|Any CPU = Release|Any CPU
	EndGlobalSection
	GlobalSection(ProjectConfigurationPlatforms) = postSolution
		{9EE6D010-83DF-42A0-8E92-16C1DD321C1A}.Debug|Any CPU.ActiveCfg = Debug|Any CPU
		{9EE6D010-83DF-42A0-8E92-16C1DD321C1A}.Debug|Any CPU.Build.0 = Debug|Any CPU
		{9EE6D010-83DF-42A0-8E92-16C1DD321C1A}.Release|Any CPU.ActiveCfg = Release|Any CPU
		{9EE6D010-83DF-42A0-8E92-16C1DD321C1A}.Release|Any CPU.Build.0 = Release|Any CPU
	EndGlobalSection
	GlobalSection(SolutionProperties) = preSolution
		HideSolutionNode = FALSE
	EndGlobalSection
	GlobalSection(ExtensibilityGlobals) = postSolution
		SolutionGuid = {BE5E5239-43A5-40C9-BB01-01E06EB1FCA0}
	EndGlobalSection
EndGlobal
